
Microsoft Visual Studio Solution File, Format Version 12.00
# Visual Studio Version 16
VisualStudioVersion = 16.0.29230.47
MinimumVisualStudioVersion = 10.0.40219.1
Project("{FAE04EC0-301F-11D3-BF4B-00C04F79EFBC}") = "Demo1010", "Demo1010\Demo1010.csproj", "{B6C53610-9F60-4F03-AAD4-703D318C2C89}"
EndProject
Project("{FAE04EC0-301F-11D3-BF4B-00C04F79EFBC}") = "IntroClasses", "IntroClasses\IntroClasses.csproj", "{15A597C4-EF8C-4508-866B-29F118AB7536}"
EndProject
Project("{FAE04EC0-301F-11D3-BF4B-00C04F79EFBC}") = "Fields", "Fields\Fields.csproj", "{1E71AB14-6FAA-42B6-84D9-886E82330428}"
EndProject
Project("{FAE04EC0-301F-11D3-BF4B-00C04F79EFBC}") = "Properties", "Properties\Properties.csproj", "{80AEB3BF-3BD5-4C00-9692-6FBD85CCD1D5}"
EndProject
Project("{FAE04EC0-301F-11D3-BF4B-00C04F79EFBC}") = "Constructors", "Constructors\Constructors.csproj", "{A2F6A9D1-AF1B-473C-AF6A-4D2491111CEC}"
EndProject
Global
	GlobalSection(SolutionConfigurationPlatforms) = preSolution
		Debug|Any CPU = Debug|Any CPU
		Release|Any CPU = Release|Any CPU
	EndGlobalSection
	GlobalSection(ProjectConfigurationPlatforms) = postSolution
		{B6C53610-9F60-4F03-AAD4-703D318C2C89}.Debug|Any CPU.ActiveCfg = Debug|Any CPU
		{B6C53610-9F60-4F03-AAD4-703D318C2C89}.Debug|Any CPU.Build.0 = Debug|Any CPU
		{B6C53610-9F60-4F03-AAD4-703D318C2C89}.Release|Any CPU.ActiveCfg = Release|Any CPU
		{B6C53610-9F60-4F03-AAD4-703D318C2C89}.Release|Any CPU.Build.0 = Release|Any CPU
		{15A597C4-EF8C-4508-866B-29F118AB7536}.Debug|Any CPU.ActiveCfg = Debug|Any CPU
		{15A597C4-EF8C-4508-866B-29F118AB7536}.Debug|Any CPU.Build.0 = Debug|Any CPU
		{15A597C4-EF8C-4508-866B-29F118AB7536}.Release|Any CPU.ActiveCfg = Release|Any CPU
		{15A597C4-EF8C-4508-866B-29F118AB7536}.Release|Any CPU.Build.0 = Release|Any CPU
		{1E71AB14-6FAA-42B6-84D9-886E82330428}.Debug|Any CPU.ActiveCfg = Debug|Any CPU
		{1E71AB14-6FAA-42B6-84D9-886E82330428}.Debug|Any CPU.Build.0 = Debug|Any CPU
		{1E71AB14-6FAA-42B6-84D9-886E82330428}.Release|Any CPU.ActiveCfg = Release|Any CPU
		{1E71AB14-6FAA-42B6-84D9-886E82330428}.Release|Any CPU.Build.0 = Release|Any CPU
		{80AEB3BF-3BD5-4C00-9692-6FBD85CCD1D5}.Debug|Any CPU.ActiveCfg = Debug|Any CPU
		{80AEB3BF-3BD5-4C00-9692-6FBD85CCD1D5}.Debug|Any CPU.Build.0 = Debug|Any CPU
		{80AEB3BF-3BD5-4C00-9692-6FBD85CCD1D5}.Release|Any CPU.ActiveCfg = Release|Any CPU
		{80AEB3BF-3BD5-4C00-9692-6FBD85CCD1D5}.Release|Any CPU.Build.0 = Release|Any CPU
		{A2F6A9D1-AF1B-473C-AF6A-4D2491111CEC}.Debug|Any CPU.ActiveCfg = Debug|Any CPU
		{A2F6A9D1-AF1B-473C-AF6A-4D2491111CEC}.Debug|Any CPU.Build.0 = Debug|Any CPU
		{A2F6A9D1-AF1B-473C-AF6A-4D2491111CEC}.Release|Any CPU.ActiveCfg = Release|Any CPU
		{A2F6A9D1-AF1B-473C-AF6A-4D2491111CEC}.Release|Any CPU.Build.0 = Release|Any CPU
	EndGlobalSection
	GlobalSection(SolutionProperties) = preSolution
		HideSolutionNode = FALSE
	EndGlobalSection
	GlobalSection(ExtensibilityGlobals) = postSolution
		SolutionGuid = {91468DA1-0B1B-426F-81B0-4E68EB06FF4A}
	EndGlobalSection
EndGlobal
